// !$*UTF8*$!
{
	archiveVersion = 1;
	classes = {
	};
	objectVersion = 50;
	objects = {

/* Begin PBXBuildFile section */
		8F83C02823F8C8BB0004DE19 /* AppDelegate.swift in Sources */ = {isa = PBXBuildFile; fileRef = 8F83C02723F8C8BB0004DE19 /* AppDelegate.swift */; };
		8F83C02A23F8C8BB0004DE19 /* SceneDelegate.swift in Sources */ = {isa = PBXBuildFile; fileRef = 8F83C02923F8C8BB0004DE19 /* SceneDelegate.swift */; };
		8F83C02C23F8C8BB0004DE19 /* ViewController.swift in Sources */ = {isa = PBXBuildFile; fileRef = 8F83C02B23F8C8BB0004DE19 /* ViewController.swift */; };
		8F83C02F23F8C8BB0004DE19 /* Main.storyboard in Resources */ = {isa = PBXBuildFile; fileRef = 8F83C02D23F8C8BB0004DE19 /* Main.storyboard */; };
		8F83C03123F8C8BC0004DE19 /* Assets.xcassets in Resources */ = {isa = PBXBuildFile; fileRef = 8F83C03023F8C8BC0004DE19 /* Assets.xcassets */; };
		8F83C03423F8C8BC0004DE19 /* LaunchScreen.storyboard in Resources */ = {isa = PBXBuildFile; fileRef = 8F83C03223F8C8BC0004DE19 /* LaunchScreen.storyboard */; };
		8F83C03F23F8C8BD0004DE19 /* test4lmaoTests.swift in Sources */ = {isa = PBXBuildFile; fileRef = 8F83C03E23F8C8BD0004DE19 /* test4lmaoTests.swift */; };
		8F83C04A23F8C8BD0004DE19 /* test4lmaoUITests.swift in Sources */ = {isa = PBXBuildFile; fileRef = 8F83C04923F8C8BD0004DE19 /* test4lmaoUITests.swift */; };
/* End PBXBuildFile section */

/* Begin PBXContainerItemProxy section */
		8F83C03B23F8C8BD0004DE19 /* PBXContainerItemProxy */ = {
			isa = PBXContainerItemProxy;
			containerPortal = 8F83C01C23F8C8BB0004DE19 /* Project object */;
			proxyType = 1;
			remoteGlobalIDString = 8F83C02323F8C8BB0004DE19;
			remoteInfo = test4lmao;
		};
		8F83C04623F8C8BD0004DE19 /* PBXContainerItemProxy */ = {
			isa = PBXContainerItemProxy;
			containerPortal = 8F83C01C23F8C8BB0004DE19 /* Project object */;
			proxyType = 1;
			remoteGlobalIDString = 8F83C02323F8C8BB0004DE19;
			remoteInfo = test4lmao;
		};
/* End PBXContainerItemProxy section */

/* Begin PBXFileReference section */
		8F83C02423F8C8BB0004DE19 /* test4lmao.app */ = {isa = PBXFileReference; explicitFileType = wrapper.application; includeInIndex = 0; path = test4lmao.app; sourceTree = BUILT_PRODUCTS_DIR; };
		8F83C02723F8C8BB0004DE19 /* AppDelegate.swift */ = {isa = PBXFileReference; lastKnownFileType = sourcecode.swift; path = AppDelegate.swift; sourceTree = "<group>"; };
		8F83C02923F8C8BB0004DE19 /* SceneDelegate.swift */ = {isa = PBXFileReference; lastKnownFileType = sourcecode.swift; path = SceneDelegate.swift; sourceTree = "<group>"; };
		8F83C02B23F8C8BB0004DE19 /* ViewController.swift */ = {isa = PBXFileReference; lastKnownFileType = sourcecode.swift; path = ViewController.swift; sourceTree = "<group>"; };
		8F83C02E23F8C8BB0004DE19 /* Base */ = {isa = PBXFileReference; lastKnownFileType = file.storyboard; name = Base; path = Base.lproj/Main.storyboard; sourceTree = "<group>"; };
		8F83C03023F8C8BC0004DE19 /* Assets.xcassets */ = {isa = PBXFileReference; lastKnownFileType = folder.assetcatalog; path = Assets.xcassets; sourceTree = "<group>"; };
		8F83C03323F8C8BC0004DE19 /* Base */ = {isa = PBXFileReference; lastKnownFileType = file.storyboard; name = Base; path = Base.lproj/LaunchScreen.storyboard; sourceTree = "<group>"; };
		8F83C03523F8C8BC0004DE19 /* Info.plist */ = {isa = PBXFileReference; lastKnownFileType = text.plist.xml; path = Info.plist; sourceTree = "<group>"; };
		8F83C03A23F8C8BD0004DE19 /* test4lmaoTests.xctest */ = {isa = PBXFileReference; explicitFileType = wrapper.cfbundle; includeInIndex = 0; path = test4lmaoTests.xctest; sourceTree = BUILT_PRODUCTS_DIR; };
		8F83C03E23F8C8BD0004DE19 /* test4lmaoTests.swift */ = {isa = PBXFileReference; lastKnownFileType = sourcecode.swift; path = test4lmaoTests.swift; sourceTree = "<group>"; };
		8F83C04023F8C8BD0004DE19 /* Info.plist */ = {isa = PBXFileReference; lastKnownFileType = text.plist.xml; path = Info.plist; sourceTree = "<group>"; };
		8F83C04523F8C8BD0004DE19 /* test4lmaoUITests.xctest */ = {isa = PBXFileReference; explicitFileType = wrapper.cfbundle; includeInIndex = 0; path = test4lmaoUITests.xctest; sourceTree = BUILT_PRODUCTS_DIR; };
		8F83C04923F8C8BD0004DE19 /* test4lmaoUITests.swift */ = {isa = PBXFileReference; lastKnownFileType = sourcecode.swift; path = test4lmaoUITests.swift; sourceTree = "<group>"; };
		8F83C04B23F8C8BD0004DE19 /* Info.plist */ = {isa = PBXFileReference; lastKnownFileType = text.plist.xml; path = Info.plist; sourceTree = "<group>"; };
/* End PBXFileReference section */

/* Begin PBXFrameworksBuildPhase section */
		8F83C02123F8C8BB0004DE19 /* Frameworks */ = {
			isa = PBXFrameworksBuildPhase;
			buildActionMask = 2147483647;
			files = (
			);
			runOnlyForDeploymentPostprocessing = 0;
		};
		8F83C03723F8C8BD0004DE19 /* Frameworks */ = {
			isa = PBXFrameworksBuildPhase;
			buildActionMask = 2147483647;
			files = (
			);
			runOnlyForDeploymentPostprocessing = 0;
		};
		8F83C04223F8C8BD0004DE19 /* Frameworks */ = {
			isa = PBXFrameworksBuildPhase;
			buildActionMask = 2147483647;
			files = (
			);
			runOnlyForDeploymentPostprocessing = 0;
		};
/* End PBXFrameworksBuildPhase section */

/* Begin PBXGroup section */
		8F83C01B23F8C8BB0004DE19 = {
			isa = PBXGroup;
			children = (
				8F83C02623F8C8BB0004DE19 /* test4lmao */,
				8F83C03D23F8C8BD0004DE19 /* test4lmaoTests */,
				8F83C04823F8C8BD0004DE19 /* test4lmaoUITests */,
				8F83C02523F8C8BB0004DE19 /* Products */,
			);
			sourceTree = "<group>";
		};
		8F83C02523F8C8BB0004DE19 /* Products */ = {
			isa = PBXGroup;
			children = (
				8F83C02423F8C8BB0004DE19 /* test4lmao.app */,
				8F83C03A23F8C8BD0004DE19 /* test4lmaoTests.xctest */,
				8F83C04523F8C8BD0004DE19 /* test4lmaoUITests.xctest */,
			);
			name = Products;
			sourceTree = "<group>";
		};
		8F83C02623F8C8BB0004DE19 /* test4lmao */ = {
			isa = PBXGroup;
			children = (
				8F83C02723F8C8BB0004DE19 /* AppDelegate.swift */,
				8F83C02923F8C8BB0004DE19 /* SceneDelegate.swift */,
				8F83C02B23F8C8BB0004DE19 /* ViewController.swift */,
				8F83C02D23F8C8BB0004DE19 /* Main.storyboard */,
				8F83C03023F8C8BC0004DE19 /* Assets.xcassets */,
				8F83C03223F8C8BC0004DE19 /* LaunchScreen.storyboard */,
				8F83C03523F8C8BC0004DE19 /* Info.plist */,
			);
			path = test4lmao;
			sourceTree = "<group>";
		};
		8F83C03D23F8C8BD0004DE19 /* test4lmaoTests */ = {
			isa = PBXGroup;
			children = (
				8F83C03E23F8C8BD0004DE19 /* test4lmaoTests.swift */,
				8F83C04023F8C8BD0004DE19 /* Info.plist */,
			);
			path = test4lmaoTests;
			sourceTree = "<group>";
		};
		8F83C04823F8C8BD0004DE19 /* test4lmaoUITests */ = {
			isa = PBXGroup;
			children = (
				8F83C04923F8C8BD0004DE19 /* test4lmaoUITests.swift */,
				8F83C04B23F8C8BD0004DE19 /* Info.plist */,
			);
			path = test4lmaoUITests;
			sourceTree = "<group>";
		};
/* End PBXGroup section */

/* Begin PBXNativeTarget section */
		8F83C02323F8C8BB0004DE19 /* test4lmao */ = {
			isa = PBXNativeTarget;
			buildConfigurationList = 8F83C04E23F8C8BD0004DE19 /* Build configuration list for PBXNativeTarget "test4lmao" */;
			buildPhases = (
				8F83C02023F8C8BB0004DE19 /* Sources */,
				8F83C02123F8C8BB0004DE19 /* Frameworks */,
				8F83C02223F8C8BB0004DE19 /* Resources */,
			);
			buildRules = (
			);
			dependencies = (
			);
			name = test4lmao;
			productName = test4lmao;
			productReference = 8F83C02423F8C8BB0004DE19 /* test4lmao.app */;
			productType = "com.apple.product-type.application";
		};
		8F83C03923F8C8BD0004DE19 /* test4lmaoTests */ = {
			isa = PBXNativeTarget;
			buildConfigurationList = 8F83C05123F8C8BD0004DE19 /* Build configuration list for PBXNativeTarget "test4lmaoTests" */;
			buildPhases = (
				8F83C03623F8C8BD0004DE19 /* Sources */,
				8F83C03723F8C8BD0004DE19 /* Frameworks */,
				8F83C03823F8C8BD0004DE19 /* Resources */,
			);
			buildRules = (
			);
			dependencies = (
				8F83C03C23F8C8BD0004DE19 /* PBXTargetDependency */,
			);
			name = test4lmaoTests;
			productName = test4lmaoTests;
			productReference = 8F83C03A23F8C8BD0004DE19 /* test4lmaoTests.xctest */;
			productType = "com.apple.product-type.bundle.unit-test";
		};
		8F83C04423F8C8BD0004DE19 /* test4lmaoUITests */ = {
			isa = PBXNativeTarget;
			buildConfigurationList = 8F83C05423F8C8BD0004DE19 /* Build configuration list for PBXNativeTarget "test4lmaoUITests" */;
			buildPhases = (
				8F83C04123F8C8BD0004DE19 /* Sources */,
				8F83C04223F8C8BD0004DE19 /* Frameworks */,
				8F83C04323F8C8BD0004DE19 /* Resources */,
			);
			buildRules = (
			);
			dependencies = (
				8F83C04723F8C8BD0004DE19 /* PBXTargetDependency */,
			);
			name = test4lmaoUITests;
			productName = test4lmaoUITests;
			productReference = 8F83C04523F8C8BD0004DE19 /* test4lmaoUITests.xctest */;
			productType = "com.apple.product-type.bundle.ui-testing";
		};
/* End PBXNativeTarget section */

/* Begin PBXProject section */
		8F83C01C23F8C8BB0004DE19 /* Project object */ = {
			isa = PBXProject;
			attributes = {
				LastSwiftUpdateCheck = 1130;
				LastUpgradeCheck = 1130;
				ORGANIZATIONNAME = "Immobile Computing";
				TargetAttributes = {
					8F83C02323F8C8BB0004DE19 = {
						CreatedOnToolsVersion = 11.3.1;
					};
					8F83C03923F8C8BD0004DE19 = {
						CreatedOnToolsVersion = 11.3.1;
						TestTargetID = 8F83C02323F8C8BB0004DE19;
					};
					8F83C04423F8C8BD0004DE19 = {
						CreatedOnToolsVersion = 11.3.1;
						TestTargetID = 8F83C02323F8C8BB0004DE19;
					};
				};
			};
			buildConfigurationList = 8F83C01F23F8C8BB0004DE19 /* Build configuration list for PBXProject "test4lmao" */;
			compatibilityVersion = "Xcode 9.3";
			developmentRegion = en;
			hasScannedForEncodings = 0;
			knownRegions = (
				en,
				Base,
			);
			mainGroup = 8F83C01B23F8C8BB0004DE19;
			productRefGroup = 8F83C02523F8C8BB0004DE19 /* Products */;
			projectDirPath = "";
			projectRoot = "";
			targets = (
				8F83C02323F8C8BB0004DE19 /* test4lmao */,
				8F83C03923F8C8BD0004DE19 /* test4lmaoTests */,
				8F83C04423F8C8BD0004DE19 /* test4lmaoUITests */,
			);
		};
/* End PBXProject section */

/* Begin PBXResourcesBuildPhase section */
		8F83C02223F8C8BB0004DE19 /* Resources */ = {
			isa = PBXResourcesBuildPhase;
			buildActionMask = 2147483647;
			files = (
				8F83C03423F8C8BC0004DE19 /* LaunchScreen.storyboard in Resources */,
				8F83C03123F8C8BC0004DE19 /* Assets.xcassets in Resources */,
				8F83C02F23F8C8BB0004DE19 /* Main.storyboard in Resources */,
			);
			runOnlyForDeploymentPostprocessing = 0;
		};
		8F83C03823F8C8BD0004DE19 /* Resources */ = {
			isa = PBXResourcesBuildPhase;
			buildActionMask = 2147483647;
			files = (
			);
			runOnlyForDeploymentPostprocessing = 0;
		};
		8F83C04323F8C8BD0004DE19 /* Resources */ = {
			isa = PBXResourcesBuildPhase;
			buildActionMask = 2147483647;
			files = (
			);
			runOnlyForDeploymentPostprocessing = 0;
		};
/* End PBXResourcesBuildPhase section */

/* Begin PBXSourcesBuildPhase section */
		8F83C02023F8C8BB0004DE19 /* Sources */ = {
			isa = PBXSourcesBuildPhase;
			buildActionMask = 2147483647;
			files = (
				8F83C02C23F8C8BB0004DE19 /* ViewController.swift in Sources */,
				8F83C02823F8C8BB0004DE19 /* AppDelegate.swift in Sources */,
				8F83C02A23F8C8BB0004DE19 /* SceneDelegate.swift in Sources */,
			);
			runOnlyForDeploymentPostprocessing = 0;
		};
		8F83C03623F8C8BD0004DE19 /* Sources */ = {
			isa = PBXSourcesBuildPhase;
			buildActionMask = 2147483647;
			files = (
				8F83C03F23F8C8BD0004DE19 /* test4lmaoTests.swift in Sources */,
			);
			runOnlyForDeploymentPostprocessing = 0;
		};
		8F83C04123F8C8BD0004DE19 /* Sources */ = {
			isa = PBXSourcesBuildPhase;
			buildActionMask = 2147483647;
			files = (
				8F83C04A23F8C8BD0004DE19 /* test4lmaoUITests.swift in Sources */,
			);
			runOnlyForDeploymentPostprocessing = 0;
		};
/* End PBXSourcesBuildPhase section */

/* Begin PBXTargetDependency section */
		8F83C03C23F8C8BD0004DE19 /* PBXTargetDependency */ = {
			isa = PBXTargetDependency;
			target = 8F83C02323F8C8BB0004DE19 /* test4lmao */;
			targetProxy = 8F83C03B23F8C8BD0004DE19 /* PBXContainerItemProxy */;
		};
		8F83C04723F8C8BD0004DE19 /* PBXTargetDependency */ = {
			isa = PBXTargetDependency;
			target = 8F83C02323F8C8BB0004DE19 /* test4lmao */;
			targetProxy = 8F83C04623F8C8BD0004DE19 /* PBXContainerItemProxy */;
		};
/* End PBXTargetDependency section */

/* Begin PBXVariantGroup section */
		8F83C02D23F8C8BB0004DE19 /* Main.storyboard */ = {
			isa = PBXVariantGroup;
			children = (
				8F83C02E23F8C8BB0004DE19 /* Base */,
			);
			name = Main.storyboard;
			sourceTree = "<group>";
		};
		8F83C03223F8C8BC0004DE19 /* LaunchScreen.storyboard */ = {
			isa = PBXVariantGroup;
			children = (
				8F83C03323F8C8BC0004DE19 /* Base */,
			);
			name = LaunchScreen.storyboard;
			sourceTree = "<group>";
		};
/* End PBXVariantGroup section */

/* Begin XCBuildConfiguration section */
		8F83C04C23F8C8BD0004DE19 /* Debug */ = {
			isa = XCBuildConfiguration;
			buildSettings = {
				ALWAYS_SEARCH_USER_PATHS = NO;
				CLANG_ANALYZER_NONNULL = YES;
				CLANG_ANALYZER_NUMBER_OBJECT_CONVERSION = YES_AGGRESSIVE;
				CLANG_CXX_LANGUAGE_STANDARD = "gnu++14";
				CLANG_CXX_LIBRARY = "libc++";
				CLANG_ENABLE_MODULES = YES;
				CLANG_ENABLE_OBJC_ARC = YES;
				CLANG_ENABLE_OBJC_WEAK = YES;
				CLANG_WARN_BLOCK_CAPTURE_AUTORELEASING = YES;
				CLANG_WARN_BOOL_CONVERSION = YES;
				CLANG_WARN_COMMA = YES;
				CLANG_WARN_CONSTANT_CONVERSION = YES;
				CLANG_WARN_DEPRECATED_OBJC_IMPLEMENTATIONS = YES;
				CLANG_WARN_DIRECT_OBJC_ISA_USAGE = YES_ERROR;
				CLANG_WARN_DOCUMENTATION_COMMENTS = YES;
				CLANG_WARN_EMPTY_BODY = YES;
				CLANG_WARN_ENUM_CONVERSION = YES;
				CLANG_WARN_INFINITE_RECURSION = YES;
				CLANG_WARN_INT_CONVERSION = YES;
				CLANG_WARN_NON_LITERAL_NULL_CONVERSION = YES;
				CLANG_WARN_OBJC_IMPLICIT_RETAIN_SELF = YES;
				CLANG_WARN_OBJC_LITERAL_CONVERSION = YES;
				CLANG_WARN_OBJC_ROOT_CLASS = YES_ERROR;
				CLANG_WARN_RANGE_LOOP_ANALYSIS = YES;
				CLANG_WARN_STRICT_PROTOTYPES = YES;
				CLANG_WARN_SUSPICIOUS_MOVE = YES;
				CLANG_WARN_UNGUARDED_AVAILABILITY = YES_AGGRESSIVE;
				CLANG_WARN_UNREACHABLE_CODE = YES;
				CLANG_WARN__DUPLICATE_METHOD_MATCH = YES;
				COPY_PHASE_STRIP = NO;
				DEBUG_INFORMATION_FORMAT = dwarf;
				ENABLE_STRICT_OBJC_MSGSEND = YES;
				ENABLE_TESTABILITY = YES;
				GCC_C_LANGUAGE_STANDARD = gnu11;
				GCC_DYNAMIC_NO_PIC = NO;
				GCC_NO_COMMON_BLOCKS = YES;
				GCC_OPTIMIZATION_LEVEL = 0;
				GCC_PREPROCESSOR_DEFINITIONS = (
					"DEBUG=1",
					"$(inherited)",
				);
				GCC_WARN_64_TO_32_BIT_CONVERSION = YES;
				GCC_WARN_ABOUT_RETURN_TYPE = YES_ERROR;
				GCC_WARN_UNDECLARED_SELECTOR = YES;
				GCC_WARN_UNINITIALIZED_AUTOS = YES_AGGRESSIVE;
				GCC_WARN_UNUSED_FUNCTION = YES;
				GCC_WARN_UNUSED_VARIABLE = YES;
				IPHONEOS_DEPLOYMENT_TARGET = 13.2;
				MTL_ENABLE_DEBUG_INFO = INCLUDE_SOURCE;
				MTL_FAST_MATH = YES;
				ONLY_ACTIVE_ARCH = YES;
				SDKROOT = iphoneos;
				SWIFT_ACTIVE_COMPILATION_CONDITIONS = DEBUG;
				SWIFT_OPTIMIZATION_LEVEL = "-Onone";
			};
			name = Debug;
		};
		8F83C04D23F8C8BD0004DE19 /* Release */ = {
			isa = XCBuildConfiguration;
			buildSettings = {
				ALWAYS_SEARCH_USER_PATHS = NO;
				CLANG_ANALYZER_NONNULL = YES;
				CLANG_ANALYZER_NUMBER_OBJECT_CONVERSION = YES_AGGRESSIVE;
				CLANG_CXX_LANGUAGE_STANDARD = "gnu++14";
				CLANG_CXX_LIBRARY = "libc++";
				CLANG_ENABLE_MODULES = YES;
				CLANG_ENABLE_OBJC_ARC = YES;
				CLANG_ENABLE_OBJC_WEAK = YES;
				CLANG_WARN_BLOCK_CAPTURE_AUTORELEASING = YES;
				CLANG_WARN_BOOL_CONVERSION = YES;
				CLANG_WARN_COMMA = YES;
				CLANG_WARN_CONSTANT_CONVERSION = YES;
				CLANG_WARN_DEPRECATED_OBJC_IMPLEMENTATIONS = YES;
				CLANG_WARN_DIRECT_OBJC_ISA_USAGE = YES_ERROR;
				CLANG_WARN_DOCUMENTATION_COMMENTS = YES;
				CLANG_WARN_EMPTY_BODY = YES;
				CLANG_WARN_ENUM_CONVERSION = YES;
				CLANG_WARN_INFINITE_RECURSION = YES;
				CLANG_WARN_INT_CONVERSION = YES;
				CLANG_WARN_NON_LITERAL_NULL_CONVERSION = YES;
				CLANG_WARN_OBJC_IMPLICIT_RETAIN_SELF = YES;
				CLANG_WARN_OBJC_LITERAL_CONVERSION = YES;
				CLANG_WARN_OBJC_ROOT_CLASS = YES_ERROR;
				CLANG_WARN_RANGE_LOOP_ANALYSIS = YES;
				CLANG_WARN_STRICT_PROTOTYPES = YES;
				CLANG_WARN_SUSPICIOUS_MOVE = YES;
				CLANG_WARN_UNGUARDED_AVAILABILITY = YES_AGGRESSIVE;
				CLANG_WARN_UNREACHABLE_CODE = YES;
				CLANG_WARN__DUPLICATE_METHOD_MATCH = YES;
				COPY_PHASE_STRIP = NO;
				DEBUG_INFORMATION_FORMAT = "dwarf-with-dsym";
				ENABLE_NS_ASSERTIONS = NO;
				ENABLE_STRICT_OBJC_MSGSEND = YES;
				GCC_C_LANGUAGE_STANDARD = gnu11;
				GCC_NO_COMMON_BLOCKS = YES;
				GCC_WARN_64_TO_32_BIT_CONVERSION = YES;
				GCC_WARN_ABOUT_RETURN_TYPE = YES_ERROR;
				GCC_WARN_UNDECLARED_SELECTOR = YES;
				GCC_WARN_UNINITIALIZED_AUTOS = YES_AGGRESSIVE;
				GCC_WARN_UNUSED_FUNCTION = YES;
				GCC_WARN_UNUSED_VARIABLE = YES;
				IPHONEOS_DEPLOYMENT_TARGET = 13.2;
				MTL_ENABLE_DEBUG_INFO = NO;
				MTL_FAST_MATH = YES;
				SDKROOT = iphoneos;
				SWIFT_COMPILATION_MODE = wholemodule;
				SWIFT_OPTIMIZATION_LEVEL = "-O";
				VALIDATE_PRODUCT = YES;
			};
			name = Release;
		};
		8F83C04F23F8C8BD0004DE19 /* Debug */ = {
			isa = XCBuildConfiguration;
			buildSettings = {
				ASSETCATALOG_COMPILER_APPICON_NAME = AppIcon;
				CODE_SIGN_STYLE = Automatic;
				DEVELOPMENT_TEAM = 75JSZFDNEH;
				INFOPLIST_FILE = test4lmao/Info.plist;
				LD_RUNPATH_SEARCH_PATHS = (
					"$(inherited)",
					"@executable_path/Frameworks",
				);
				PRODUCT_BUNDLE_IDENTIFIER = IMC.test4lmao;
				PRODUCT_NAME = "$(TARGET_NAME)";
				SWIFT_VERSION = 5.0;
				TARGETED_DEVICE_FAMILY = "1,2";
			};
			name = Debug;
		};
		8F83C05023F8C8BD0004DE19 /* Release */ = {
			isa = XCBuildConfiguration;
			buildSettings = {
				ASSETCATALOG_COMPILER_APPICON_NAME = AppIcon;
				CODE_SIGN_STYLE = Automatic;
				DEVELOPMENT_TEAM = 75JSZFDNEH;
				INFOPLIST_FILE = test4lmao/Info.plist;
				LD_RUNPATH_SEARCH_PATHS = (
					"$(inherited)",
					"@executable_path/Frameworks",
				);
				PRODUCT_BUNDLE_IDENTIFIER = IMC.test4lmao;
				PRODUCT_NAME = "$(TARGET_NAME)";
				SWIFT_VERSION = 5.0;
				TARGETED_DEVICE_FAMILY = "1,2";
			};
			name = Release;
		};
		8F83C05223F8C8BD0004DE19 /* Debug */ = {
			isa = XCBuildConfiguration;
			buildSettings = {
				ALWAYS_EMBED_SWIFT_STANDARD_LIBRARIES = YES;
				BUNDLE_LOADER = "$(TEST_HOST)";
				CODE_SIGN_STYLE = Automatic;
				DEVELOPMENT_TEAM = 75JSZFDNEH;
				INFOPLIST_FILE = test4lmaoTests/Info.plist;
				IPHONEOS_DEPLOYMENT_TARGET = 13.2;
				LD_RUNPATH_SEARCH_PATHS = (
					"$(inherited)",
					"@executable_path/Frameworks",
					"@loader_path/Frameworks",
				);
				PRODUCT_BUNDLE_IDENTIFIER = IMC.test4lmaoTests;
				PRODUCT_NAME = "$(TARGET_NAME)";
				SWIFT_VERSION = 5.0;
				TARGETED_DEVICE_FAMILY = "1,2";
				TEST_HOST = "$(BUILT_PRODUCTS_DIR)/test4lmao.app/test4lmao";
			};
			name = Debug;
		};
		8F83C05323F8C8BD0004DE19 /* Release */ = {
			isa = XCBuildConfiguration;
			buildSettings = {
				ALWAYS_EMBED_SWIFT_STANDARD_LIBRARIES = YES;
				BUNDLE_LOADER = "$(TEST_HOST)";
				CODE_SIGN_STYLE = Automatic;
				DEVELOPMENT_TEAM = 75JSZFDNEH;
				INFOPLIST_FILE = test4lmaoTests/Info.plist;
				IPHONEOS_DEPLOYMENT_TARGET = 13.2;
				LD_RUNPATH_SEARCH_PATHS = (
					"$(inherited)",
					"@executable_path/Frameworks",
					"@loader_path/Frameworks",
				);
				PRODUCT_BUNDLE_IDENTIFIER = IMC.test4lmaoTests;
				PRODUCT_NAME = "$(TARGET_NAME)";
				SWIFT_VERSION = 5.0;
				TARGETED_DEVICE_FAMILY = "1,2";
				TEST_HOST = "$(BUILT_PRODUCTS_DIR)/test4lmao.app/test4lmao";
			};
			name = Release;
		};
		8F83C05523F8C8BD0004DE19 /* Debug */ = {
			isa = XCBuildConfiguration;
			buildSettings = {
				ALWAYS_EMBED_SWIFT_STANDARD_LIBRARIES = YES;
				CODE_SIGN_STYLE = Automatic;
				DEVELOPMENT_TEAM = 75JSZFDNEH;
				INFOPLIST_FILE = test4lmaoUITests/Info.plist;
				LD_RUNPATH_SEARCH_PATHS = (
					"$(inherited)",
					"@executable_path/Frameworks",
					"@loader_path/Frameworks",
				);
				PRODUCT_BUNDLE_IDENTIFIER = IMC.test4lmaoUITests;
				PRODUCT_NAME = "$(TARGET_NAME)";
				SWIFT_VERSION = 5.0;
				TARGETED_DEVICE_FAMILY = "1,2";
				TEST_TARGET_NAME = test4lmao;
			};
			name = Debug;
		};
		8F83C05623F8C8BD0004DE19 /* Release */ = {
			isa = XCBuildConfiguration;
			buildSettings = {
				ALWAYS_EMBED_SWIFT_STANDARD_LIBRARIES = YES;
				CODE_SIGN_STYLE = Automatic;
				DEVELOPMENT_TEAM = 75JSZFDNEH;
				INFOPLIST_FILE = test4lmaoUITests/Info.plist;
				LD_RUNPATH_SEARCH_PATHS = (
					"$(inherited)",
					"@executable_path/Frameworks",
					"@loader_path/Frameworks",
				);
				PRODUCT_BUNDLE_IDENTIFIER = IMC.test4lmaoUITests;
				PRODUCT_NAME = "$(TARGET_NAME)";
				SWIFT_VERSION = 5.0;
				TARGETED_DEVICE_FAMILY = "1,2";
				TEST_TARGET_NAME = test4lmao;
			};
			name = Release;
		};
/* End XCBuildConfiguration section */

/* Begin XCConfigurationList section */
		8F83C01F23F8C8BB0004DE19 /* Build configuration list for PBXProject "test4lmao" */ = {
			isa = XCConfigurationList;
			buildConfigurations = (
				8F83C04C23F8C8BD0004DE19 /* Debug */,
				8F83C04D23F8C8BD0004DE19 /* Release */,
			);
			defaultConfigurationIsVisible = 0;
			defaultConfigurationName = Release;
		};
		8F83C04E23F8C8BD0004DE19 /* Build configuration list for PBXNativeTarget "test4lmao" */ = {
			isa = XCConfigurationList;
			buildConfigurations = (
				8F83C04F23F8C8BD0004DE19 /* Debug */,
				8F83C05023F8C8BD0004DE19 /* Release */,
			);
			defaultConfigurationIsVisible = 0;
			defaultConfigurationName = Release;
		};
		8F83C05123F8C8BD0004DE19 /* Build configuration list for PBXNativeTarget "test4lmaoTests" */ = {
			isa = XCConfigurationList;
			buildConfigurations = (
				8F83C05223F8C8BD0004DE19 /* Debug */,
				8F83C05323F8C8BD0004DE19 /* Release */,
			);
			defaultConfigurationIsVisible = 0;
			defaultConfigurationName = Release;
		};
		8F83C05423F8C8BD0004DE19 /* Build configuration list for PBXNativeTarget "test4lmaoUITests" */ = {
			isa = XCConfigurationList;
			buildConfigurations = (
				8F83C05523F8C8BD0004DE19 /* Debug */,
				8F83C05623F8C8BD0004DE19 /* Release */,
			);
			defaultConfigurationIsVisible = 0;
			defaultConfigurationName = Release;
		};
/* End XCConfigurationList section */
	};
	rootObject = 8F83C01C23F8C8BB0004DE19 /* Project object */;
}
